
Microsoft Visual Studio Solution File, Format Version 12.00
# Visual Studio Version 16
VisualStudioVersion = 16.0.31729.503
MinimumVisualStudioVersion = 10.0.40219.1
Project("{8BC9CEB8-8B4A-11D0-8D11-00A0C91BC942}") = "CppBasics-BT-D05-K13", "Project1\Project1.vcxproj", "{502A0822-0741-4489-AF39-5C8B71CD083F}"
EndProject
Project("{8BC9CEB8-8B4A-11D0-8D11-00A0C91BC942}") = "03-Basics-types-operators-conditions", "ConsoleApplication1\ConsoleApplication1.vcxproj", "{C4A458E3-A8CD-42CE-ABA1-5B3D548BDF57}"
EndProject
Project("{8BC9CEB8-8B4A-11D0-8D11-00A0C91BC942}") = "05-Basics", "ConsoleApplication2\ConsoleApplication2.vcxproj", "{07C52EEE-EB93-4DE3-9DAE-C9241CE48A08}"
EndProject
Project("{8BC9CEB8-8B4A-11D0-8D11-00A0C91BC942}") = "08-Basics-review", "08-Basics-review\08-Basics-review.vcxproj", "{E302A925-83DA-4945-8CB0-84E474CCF561}"
EndProject
Global
	GlobalSection(SolutionConfigurationPlatforms) = preSolution
		Debug|x64 = Debug|x64
		Debug|x86 = Debug|x86
		Release|x64 = Release|x64
		Release|x86 = Release|x86
	EndGlobalSection
	GlobalSection(ProjectConfigurationPlatforms) = postSolution
		{502A0822-0741-4489-AF39-5C8B71CD083F}.Debug|x64.ActiveCfg = Debug|x64
		{502A0822-0741-4489-AF39-5C8B71CD083F}.Debug|x64.Build.0 = Debug|x64
		{502A0822-0741-4489-AF39-5C8B71CD083F}.Debug|x86.ActiveCfg = Debug|Win32
		{502A0822-0741-4489-AF39-5C8B71CD083F}.Debug|x86.Build.0 = Debug|Win32
		{502A0822-0741-4489-AF39-5C8B71CD083F}.Release|x64.ActiveCfg = Release|x64
		{502A0822-0741-4489-AF39-5C8B71CD083F}.Release|x64.Build.0 = Release|x64
		{502A0822-0741-4489-AF39-5C8B71CD083F}.Release|x86.ActiveCfg = Release|Win32
		{502A0822-0741-4489-AF39-5C8B71CD083F}.Release|x86.Build.0 = Release|Win32
		{C4A458E3-A8CD-42CE-ABA1-5B3D548BDF57}.Debug|x64.ActiveCfg = Debug|x64
		{C4A458E3-A8CD-42CE-ABA1-5B3D548BDF57}.Debug|x64.Build.0 = Debug|x64
		{C4A458E3-A8CD-42CE-ABA1-5B3D548BDF57}.Debug|x86.ActiveCfg = Debug|Win32
		{C4A458E3-A8CD-42CE-ABA1-5B3D548BDF57}.Debug|x86.Build.0 = Debug|Win32
		{C4A458E3-A8CD-42CE-ABA1-5B3D548BDF57}.Release|x64.ActiveCfg = Release|x64
		{C4A458E3-A8CD-42CE-ABA1-5B3D548BDF57}.Release|x64.Build.0 = Release|x64
		{C4A458E3-A8CD-42CE-ABA1-5B3D548BDF57}.Release|x86.ActiveCfg = Release|Win32
		{C4A458E3-A8CD-42CE-ABA1-5B3D548BDF57}.Release|x86.Build.0 = Release|Win32
		{07C52EEE-EB93-4DE3-9DAE-C9241CE48A08}.Debug|x64.ActiveCfg = Debug|x64
		{07C52EEE-EB93-4DE3-9DAE-C9241CE48A08}.Debug|x64.Build.0 = Debug|x64
		{07C52EEE-EB93-4DE3-9DAE-C9241CE48A08}.Debug|x86.ActiveCfg = Debug|Win32
		{07C52EEE-EB93-4DE3-9DAE-C9241CE48A08}.Debug|x86.Build.0 = Debug|Win32
		{07C52EEE-EB93-4DE3-9DAE-C9241CE48A08}.Release|x64.ActiveCfg = Release|x64
		{07C52EEE-EB93-4DE3-9DAE-C9241CE48A08}.Release|x64.Build.0 = Release|x64
		{07C52EEE-EB93-4DE3-9DAE-C9241CE48A08}.Release|x86.ActiveCfg = Release|Win32
		{07C52EEE-EB93-4DE3-9DAE-C9241CE48A08}.Release|x86.Build.0 = Release|Win32
		{E302A925-83DA-4945-8CB0-84E474CCF561}.Debug|x64.ActiveCfg = Debug|x64
		{E302A925-83DA-4945-8CB0-84E474CCF561}.Debug|x64.Build.0 = Debug|x64
		{E302A925-83DA-4945-8CB0-84E474CCF561}.Debug|x86.ActiveCfg = Debug|Win32
		{E302A925-83DA-4945-8CB0-84E474CCF561}.Debug|x86.Build.0 = Debug|Win32
		{E302A925-83DA-4945-8CB0-84E474CCF561}.Release|x64.ActiveCfg = Release|x64
		{E302A925-83DA-4945-8CB0-84E474CCF561}.Release|x64.Build.0 = Release|x64
		{E302A925-83DA-4945-8CB0-84E474CCF561}.Release|x86.ActiveCfg = Release|Win32
		{E302A925-83DA-4945-8CB0-84E474CCF561}.Release|x86.Build.0 = Release|Win32
	EndGlobalSection
	GlobalSection(SolutionProperties) = preSolution
		HideSolutionNode = FALSE
	EndGlobalSection
	GlobalSection(ExtensibilityGlobals) = postSolution
		SolutionGuid = {C2653B16-63D8-4450-939C-79AC8BEAE698}
	EndGlobalSection
EndGlobal
