
Microsoft Visual Studio Solution File, Format Version 12.00
# Visual Studio Version 16
VisualStudioVersion = 16.0.31729.503
MinimumVisualStudioVersion = 10.0.40219.1
Project("{8BC9CEB8-8B4A-11D0-8D11-00A0C91BC942}") = "ConsoleApplication5", "ConsoleApplication5\ConsoleApplication5.vcxproj", "{EA689FB3-8C99-4606-9979-EF481B2E294C}"
EndProject
Global
	GlobalSection(SolutionConfigurationPlatforms) = preSolution
		Debug|x64 = Debug|x64
		Debug|x86 = Debug|x86
		Release|x64 = Release|x64
		Release|x86 = Release|x86
	EndGlobalSection
	GlobalSection(ProjectConfigurationPlatforms) = postSolution
		{EA689FB3-8C99-4606-9979-EF481B2E294C}.Debug|x64.ActiveCfg = Debug|x64
		{EA689FB3-8C99-4606-9979-EF481B2E294C}.Debug|x64.Build.0 = Debug|x64
		{EA689FB3-8C99-4606-9979-EF481B2E294C}.Debug|x86.ActiveCfg = Debug|Win32
		{EA689FB3-8C99-4606-9979-EF481B2E294C}.Debug|x86.Build.0 = Debug|Win32
		{EA689FB3-8C99-4606-9979-EF481B2E294C}.Release|x64.ActiveCfg = Release|x64
		{EA689FB3-8C99-4606-9979-EF481B2E294C}.Release|x64.Build.0 = Release|x64
		{EA689FB3-8C99-4606-9979-EF481B2E294C}.Release|x86.ActiveCfg = Release|Win32
		{EA689FB3-8C99-4606-9979-EF481B2E294C}.Release|x86.Build.0 = Release|Win32
	EndGlobalSection
	GlobalSection(SolutionProperties) = preSolution
		HideSolutionNode = FALSE
	EndGlobalSection
	GlobalSection(ExtensibilityGlobals) = postSolution
		SolutionGuid = {6DF53FF8-19EA-4E8E-AE72-8BA0EE582FD1}
	EndGlobalSection
EndGlobal
