
Microsoft Visual Studio Solution File, Format Version 12.00
# Visual Studio Version 16
VisualStudioVersion = 16.0.31729.503
MinimumVisualStudioVersion = 10.0.40219.1
Project("{8BC9CEB8-8B4A-11D0-8D11-00A0C91BC942}") = "BT01-CppBasics-BT-D05-K13", "BT01-CppBasics-BT-D05-K13\BT01-CppBasics-BT-D05-K13.vcxproj", "{4775BE11-2C3A-491E-8FF8-E432E2A42227}"
EndProject
Project("{8BC9CEB8-8B4A-11D0-8D11-00A0C91BC942}") = "BT1.1", "BT1.1-CppBasics-BT-D05-K13\BT1.1-CppBasics-BT-D05-K13.vcxproj", "{CAF5AEBF-4CCE-4FC7-908D-5686642DCF61}"
EndProject
Project("{8BC9CEB8-8B4A-11D0-8D11-00A0C91BC942}") = "BT1.2", "BT1.2\BT1.2.vcxproj", "{802A9913-A5B2-4205-9E50-DEE4DDE45CEE}"
EndProject
Global
	GlobalSection(SolutionConfigurationPlatforms) = preSolution
		Debug|x64 = Debug|x64
		Debug|x86 = Debug|x86
		Release|x64 = Release|x64
		Release|x86 = Release|x86
	EndGlobalSection
	GlobalSection(ProjectConfigurationPlatforms) = postSolution
		{4775BE11-2C3A-491E-8FF8-E432E2A42227}.Debug|x64.ActiveCfg = Debug|x64
		{4775BE11-2C3A-491E-8FF8-E432E2A42227}.Debug|x64.Build.0 = Debug|x64
		{4775BE11-2C3A-491E-8FF8-E432E2A42227}.Debug|x86.ActiveCfg = Debug|Win32
		{4775BE11-2C3A-491E-8FF8-E432E2A42227}.Debug|x86.Build.0 = Debug|Win32
		{4775BE11-2C3A-491E-8FF8-E432E2A42227}.Release|x64.ActiveCfg = Release|x64
		{4775BE11-2C3A-491E-8FF8-E432E2A42227}.Release|x64.Build.0 = Release|x64
		{4775BE11-2C3A-491E-8FF8-E432E2A42227}.Release|x86.ActiveCfg = Release|Win32
		{4775BE11-2C3A-491E-8FF8-E432E2A42227}.Release|x86.Build.0 = Release|Win32
		{CAF5AEBF-4CCE-4FC7-908D-5686642DCF61}.Debug|x64.ActiveCfg = Debug|x64
		{CAF5AEBF-4CCE-4FC7-908D-5686642DCF61}.Debug|x64.Build.0 = Debug|x64
		{CAF5AEBF-4CCE-4FC7-908D-5686642DCF61}.Debug|x86.ActiveCfg = Debug|Win32
		{CAF5AEBF-4CCE-4FC7-908D-5686642DCF61}.Debug|x86.Build.0 = Debug|Win32
		{CAF5AEBF-4CCE-4FC7-908D-5686642DCF61}.Release|x64.ActiveCfg = Release|x64
		{CAF5AEBF-4CCE-4FC7-908D-5686642DCF61}.Release|x64.Build.0 = Release|x64
		{CAF5AEBF-4CCE-4FC7-908D-5686642DCF61}.Release|x86.ActiveCfg = Release|Win32
		{CAF5AEBF-4CCE-4FC7-908D-5686642DCF61}.Release|x86.Build.0 = Release|Win32
		{802A9913-A5B2-4205-9E50-DEE4DDE45CEE}.Debug|x64.ActiveCfg = Debug|x64
		{802A9913-A5B2-4205-9E50-DEE4DDE45CEE}.Debug|x64.Build.0 = Debug|x64
		{802A9913-A5B2-4205-9E50-DEE4DDE45CEE}.Debug|x86.ActiveCfg = Debug|Win32
		{802A9913-A5B2-4205-9E50-DEE4DDE45CEE}.Debug|x86.Build.0 = Debug|Win32
		{802A9913-A5B2-4205-9E50-DEE4DDE45CEE}.Release|x64.ActiveCfg = Release|x64
		{802A9913-A5B2-4205-9E50-DEE4DDE45CEE}.Release|x64.Build.0 = Release|x64
		{802A9913-A5B2-4205-9E50-DEE4DDE45CEE}.Release|x86.ActiveCfg = Release|Win32
		{802A9913-A5B2-4205-9E50-DEE4DDE45CEE}.Release|x86.Build.0 = Release|Win32
	EndGlobalSection
	GlobalSection(SolutionProperties) = preSolution
		HideSolutionNode = FALSE
	EndGlobalSection
	GlobalSection(ExtensibilityGlobals) = postSolution
		SolutionGuid = {CEC56395-DA48-4A7A-A384-9B95829D2FC7}
	EndGlobalSection
EndGlobal
